
Microsoft Visual Studio Solution File, Format Version 12.00
# Visual Studio 15
VisualStudioVersion = 15.0.28010.2048
MinimumVisualStudioVersion = 10.0.40219.1
Project("{FAE04EC0-301F-11D3-BF4B-00C04F79EFBC}") = "Jiazhe.Web", "Jiazhe.Web\Jiazhe.Web.csproj", "{828CD030-DA93-4880-AFBD-E85555006070}"
EndProject
Project("{2150E333-8FDC-42A3-9474-1A3956D46DE8}") = "JiazheWeb", "JiazheWeb", "{685B49D5-99D9-4DB8-989B-ABB0AE442EA9}"
EndProject
Project("{2150E333-8FDC-42A3-9474-1A3956D46DE8}") = "Libraries", "Libraries", "{D1A6C656-96DD-4B4F-B645-6F7A5DE675C1}"
EndProject
Project("{2150E333-8FDC-42A3-9474-1A3956D46DE8}") = "Web", "Web", "{96DFC9AE-CBE5-4EB2-B164-6C5966979D87}"
EndProject
Project("{FAE04EC0-301F-11D3-BF4B-00C04F79EFBC}") = "Jiazhe.Web.Entity", "Jiazhe.Web.Entity\Jiazhe.Web.Entity.csproj", "{8E525899-E953-42FE-A1C6-2460D39D9AD5}"
EndProject
Project("{FAE04EC0-301F-11D3-BF4B-00C04F79EFBC}") = "Jiazhe.Web.IDAL", "Jiazhe.Web.IDAL\Jiazhe.Web.IDAL.csproj", "{6E7CEF5B-80AB-49E5-A60B-482E9FE9E69E}"
EndProject
Project("{FAE04EC0-301F-11D3-BF4B-00C04F79EFBC}") = "Jiazhe.Web.DAL", "Jiazhe.Web.DAL\Jiazhe.Web.DAL.csproj", "{9D6CEC6D-9617-418D-84D7-EA6DF4CFA16C}"
EndProject
Project("{FAE04EC0-301F-11D3-BF4B-00C04F79EFBC}") = "Jiazhe.Web.IBLL", "Jiazhe.Web.IBLL\Jiazhe.Web.IBLL.csproj", "{96DEFBD8-1CC3-444B-A49A-4E27FCBEAAC7}"
EndProject
Project("{FAE04EC0-301F-11D3-BF4B-00C04F79EFBC}") = "Jiazhe.Web.BLL", "Jiazhe.Web.BLL\Jiazhe.Web.BLL.csproj", "{8D563299-48C2-4A88-9D79-CBF475DC2062}"
EndProject
Project("{2150E333-8FDC-42A3-9474-1A3956D46DE8}") = "OpenSDK", "OpenSDK", "{E4F7196A-391E-425D-9D15-81819DAA7BD6}"
EndProject
Project("{FAE04EC0-301F-11D3-BF4B-00C04F79EFBC}") = "Jiazhe.Web.FactoryDao", "Jiazhe.Web.FactoryDao\Jiazhe.Web.FactoryDao.csproj", "{70F0776B-06BE-4138-AF90-138711F6F722}"
EndProject
Project("{FAE04EC0-301F-11D3-BF4B-00C04F79EFBC}") = "Jiazhe.Web.FactoryBo", "Jiazhe.Web.FactoryBo\Jiazhe.Web.FactoryBo.csproj", "{B310E4C5-B4CA-4E7D-9D11-68A221933E3E}"
EndProject
Project("{2150E333-8FDC-42A3-9474-1A3956D46DE8}") = "Jiazhe.Web.Factory", "Jiazhe.Web.Factory", "{1E3EDB4B-41F0-49BF-B2E2-F095D92A6C72}"
EndProject
Project("{2150E333-8FDC-42A3-9474-1A3956D46DE8}") = "Demo", "Demo", "{E5E982ED-AA6A-4D97-ADAD-D0CFB38F2D1D}"
EndProject
Project("{FAE04EC0-301F-11D3-BF4B-00C04F79EFBC}") = "Jiazhe.Web.Demo", "Jiazhe.Web.Demo\Jiazhe.Web.Demo.csproj", "{862E9DB3-65F6-4CA8-993B-A40346BC4FA0}"
EndProject
Project("{2150E333-8FDC-42A3-9474-1A3956D46DE8}") = "Jiazhe.Web.Interface", "Jiazhe.Web.Interface", "{7B9F72E4-582F-4210-A711-0085E9437609}"
EndProject
Project("{FAE04EC0-301F-11D3-BF4B-00C04F79EFBC}") = "Jiazhe.Web.Tests.Unit", "Jiazhe.Web.Tests.Unit\Jiazhe.Web.Tests.Unit.csproj", "{6F423803-C1F0-4D7B-B00A-3A4D305C608F}"
EndProject
Project("{FAE04EC0-301F-11D3-BF4B-00C04F79EFBC}") = "Jiazhe.Web.Tests.NUnit", "Jiazhe.Web.Tests.NUnit\Jiazhe.Web.Tests.NUnit.csproj", "{8EDF4429-251A-416D-BB68-93F227191BCF}"
EndProject
Project("{9A19103F-16F7-4668-BE54-9A1E7A4F7556}") = "Jiazhe.Web.Tests.XUnit", "Jiazhe.Web.Tests.XUnit\Jiazhe.Web.Tests.XUnit.csproj", "{6263A27E-E842-467B-98DB-CC5913ABE71A}"
EndProject
Project("{2150E333-8FDC-42A3-9474-1A3956D46DE8}") = "Tests", "Tests", "{5839A0A1-B902-4FA4-B322-7477965B4048}"
EndProject
Project("{FAE04EC0-301F-11D3-BF4B-00C04F79EFBC}") = "Jiazhe.OpenSDK.Taobao.Tbk", "Jiazhe.OpenSDK.Taobao.Tbk\Jiazhe.OpenSDK.Taobao.Tbk.csproj", "{35C9A978-8EA8-4B82-8DF1-09E99585D65C}"
EndProject
Project("{FAE04EC0-301F-11D3-BF4B-00C04F79EFBC}") = "Jiazhe.Web.Tools", "Jiazhe.Web.Tools\Jiazhe.Web.Tools.csproj", "{F6A8EBD5-D640-4D7C-A5A1-0EEBA53C9E47}"
EndProject
Project("{FAE04EC0-301F-11D3-BF4B-00C04F79EFBC}") = "Jiazhe.OpenSDK.Weixin", "Jiazhe.OpenSDK.Weixin\Jiazhe.OpenSDK.Weixin.csproj", "{090AF6B3-63F8-4A3B-98B3-8E14596537D8}"
EndProject
Global
	GlobalSection(SolutionConfigurationPlatforms) = preSolution
		Debug|Any CPU = Debug|Any CPU
		Release|Any CPU = Release|Any CPU
	EndGlobalSection
	GlobalSection(ProjectConfigurationPlatforms) = postSolution
		{828CD030-DA93-4880-AFBD-E85555006070}.Debug|Any CPU.ActiveCfg = Debug|Any CPU
		{828CD030-DA93-4880-AFBD-E85555006070}.Debug|Any CPU.Build.0 = Debug|Any CPU
		{828CD030-DA93-4880-AFBD-E85555006070}.Release|Any CPU.ActiveCfg = Release|Any CPU
		{828CD030-DA93-4880-AFBD-E85555006070}.Release|Any CPU.Build.0 = Release|Any CPU
		{8E525899-E953-42FE-A1C6-2460D39D9AD5}.Debug|Any CPU.ActiveCfg = Debug|Any CPU
		{8E525899-E953-42FE-A1C6-2460D39D9AD5}.Debug|Any CPU.Build.0 = Debug|Any CPU
		{8E525899-E953-42FE-A1C6-2460D39D9AD5}.Release|Any CPU.ActiveCfg = Release|Any CPU
		{8E525899-E953-42FE-A1C6-2460D39D9AD5}.Release|Any CPU.Build.0 = Release|Any CPU
		{6E7CEF5B-80AB-49E5-A60B-482E9FE9E69E}.Debug|Any CPU.ActiveCfg = Debug|Any CPU
		{6E7CEF5B-80AB-49E5-A60B-482E9FE9E69E}.Debug|Any CPU.Build.0 = Debug|Any CPU
		{6E7CEF5B-80AB-49E5-A60B-482E9FE9E69E}.Release|Any CPU.ActiveCfg = Release|Any CPU
		{6E7CEF5B-80AB-49E5-A60B-482E9FE9E69E}.Release|Any CPU.Build.0 = Release|Any CPU
		{9D6CEC6D-9617-418D-84D7-EA6DF4CFA16C}.Debug|Any CPU.ActiveCfg = Debug|Any CPU
		{9D6CEC6D-9617-418D-84D7-EA6DF4CFA16C}.Debug|Any CPU.Build.0 = Debug|Any CPU
		{9D6CEC6D-9617-418D-84D7-EA6DF4CFA16C}.Release|Any CPU.ActiveCfg = Release|Any CPU
		{9D6CEC6D-9617-418D-84D7-EA6DF4CFA16C}.Release|Any CPU.Build.0 = Release|Any CPU
		{96DEFBD8-1CC3-444B-A49A-4E27FCBEAAC7}.Debug|Any CPU.ActiveCfg = Debug|Any CPU
		{96DEFBD8-1CC3-444B-A49A-4E27FCBEAAC7}.Debug|Any CPU.Build.0 = Debug|Any CPU
		{96DEFBD8-1CC3-444B-A49A-4E27FCBEAAC7}.Release|Any CPU.ActiveCfg = Release|Any CPU
		{96DEFBD8-1CC3-444B-A49A-4E27FCBEAAC7}.Release|Any CPU.Build.0 = Release|Any CPU
		{8D563299-48C2-4A88-9D79-CBF475DC2062}.Debug|Any CPU.ActiveCfg = Debug|Any CPU
		{8D563299-48C2-4A88-9D79-CBF475DC2062}.Debug|Any CPU.Build.0 = Debug|Any CPU
		{8D563299-48C2-4A88-9D79-CBF475DC2062}.Release|Any CPU.ActiveCfg = Release|Any CPU
		{8D563299-48C2-4A88-9D79-CBF475DC2062}.Release|Any CPU.Build.0 = Release|Any CPU
		{70F0776B-06BE-4138-AF90-138711F6F722}.Debug|Any CPU.ActiveCfg = Debug|Any CPU
		{70F0776B-06BE-4138-AF90-138711F6F722}.Debug|Any CPU.Build.0 = Debug|Any CPU
		{70F0776B-06BE-4138-AF90-138711F6F722}.Release|Any CPU.ActiveCfg = Release|Any CPU
		{70F0776B-06BE-4138-AF90-138711F6F722}.Release|Any CPU.Build.0 = Release|Any CPU
		{B310E4C5-B4CA-4E7D-9D11-68A221933E3E}.Debug|Any CPU.ActiveCfg = Debug|Any CPU
		{B310E4C5-B4CA-4E7D-9D11-68A221933E3E}.Debug|Any CPU.Build.0 = Debug|Any CPU
		{B310E4C5-B4CA-4E7D-9D11-68A221933E3E}.Release|Any CPU.ActiveCfg = Release|Any CPU
		{B310E4C5-B4CA-4E7D-9D11-68A221933E3E}.Release|Any CPU.Build.0 = Release|Any CPU
		{862E9DB3-65F6-4CA8-993B-A40346BC4FA0}.Debug|Any CPU.ActiveCfg = Debug|Any CPU
		{862E9DB3-65F6-4CA8-993B-A40346BC4FA0}.Debug|Any CPU.Build.0 = Debug|Any CPU
		{862E9DB3-65F6-4CA8-993B-A40346BC4FA0}.Release|Any CPU.ActiveCfg = Release|Any CPU
		{862E9DB3-65F6-4CA8-993B-A40346BC4FA0}.Release|Any CPU.Build.0 = Release|Any CPU
		{6F423803-C1F0-4D7B-B00A-3A4D305C608F}.Debug|Any CPU.ActiveCfg = Debug|Any CPU
		{6F423803-C1F0-4D7B-B00A-3A4D305C608F}.Debug|Any CPU.Build.0 = Debug|Any CPU
		{6F423803-C1F0-4D7B-B00A-3A4D305C608F}.Release|Any CPU.ActiveCfg = Release|Any CPU
		{6F423803-C1F0-4D7B-B00A-3A4D305C608F}.Release|Any CPU.Build.0 = Release|Any CPU
		{8EDF4429-251A-416D-BB68-93F227191BCF}.Debug|Any CPU.ActiveCfg = Debug|Any CPU
		{8EDF4429-251A-416D-BB68-93F227191BCF}.Debug|Any CPU.Build.0 = Debug|Any CPU
		{8EDF4429-251A-416D-BB68-93F227191BCF}.Release|Any CPU.ActiveCfg = Release|Any CPU
		{8EDF4429-251A-416D-BB68-93F227191BCF}.Release|Any CPU.Build.0 = Release|Any CPU
		{6263A27E-E842-467B-98DB-CC5913ABE71A}.Debug|Any CPU.ActiveCfg = Debug|Any CPU
		{6263A27E-E842-467B-98DB-CC5913ABE71A}.Debug|Any CPU.Build.0 = Debug|Any CPU
		{6263A27E-E842-467B-98DB-CC5913ABE71A}.Release|Any CPU.ActiveCfg = Release|Any CPU
		{6263A27E-E842-467B-98DB-CC5913ABE71A}.Release|Any CPU.Build.0 = Release|Any CPU
		{35C9A978-8EA8-4B82-8DF1-09E99585D65C}.Debug|Any CPU.ActiveCfg = Debug|Any CPU
		{35C9A978-8EA8-4B82-8DF1-09E99585D65C}.Debug|Any CPU.Build.0 = Debug|Any CPU
		{35C9A978-8EA8-4B82-8DF1-09E99585D65C}.Release|Any CPU.ActiveCfg = Release|Any CPU
		{35C9A978-8EA8-4B82-8DF1-09E99585D65C}.Release|Any CPU.Build.0 = Release|Any CPU
		{F6A8EBD5-D640-4D7C-A5A1-0EEBA53C9E47}.Debug|Any CPU.ActiveCfg = Debug|Any CPU
		{F6A8EBD5-D640-4D7C-A5A1-0EEBA53C9E47}.Debug|Any CPU.Build.0 = Debug|Any CPU
		{F6A8EBD5-D640-4D7C-A5A1-0EEBA53C9E47}.Release|Any CPU.ActiveCfg = Release|Any CPU
		{F6A8EBD5-D640-4D7C-A5A1-0EEBA53C9E47}.Release|Any CPU.Build.0 = Release|Any CPU
		{090AF6B3-63F8-4A3B-98B3-8E14596537D8}.Debug|Any CPU.ActiveCfg = Debug|Any CPU
		{090AF6B3-63F8-4A3B-98B3-8E14596537D8}.Debug|Any CPU.Build.0 = Debug|Any CPU
		{090AF6B3-63F8-4A3B-98B3-8E14596537D8}.Release|Any CPU.ActiveCfg = Release|Any CPU
		{090AF6B3-63F8-4A3B-98B3-8E14596537D8}.Release|Any CPU.Build.0 = Release|Any CPU
	EndGlobalSection
	GlobalSection(SolutionProperties) = preSolution
		HideSolutionNode = FALSE
	EndGlobalSection
	GlobalSection(NestedProjects) = preSolution
		{828CD030-DA93-4880-AFBD-E85555006070} = {96DFC9AE-CBE5-4EB2-B164-6C5966979D87}
		{D1A6C656-96DD-4B4F-B645-6F7A5DE675C1} = {685B49D5-99D9-4DB8-989B-ABB0AE442EA9}
		{96DFC9AE-CBE5-4EB2-B164-6C5966979D87} = {685B49D5-99D9-4DB8-989B-ABB0AE442EA9}
		{8E525899-E953-42FE-A1C6-2460D39D9AD5} = {D1A6C656-96DD-4B4F-B645-6F7A5DE675C1}
		{6E7CEF5B-80AB-49E5-A60B-482E9FE9E69E} = {7B9F72E4-582F-4210-A711-0085E9437609}
		{9D6CEC6D-9617-418D-84D7-EA6DF4CFA16C} = {D1A6C656-96DD-4B4F-B645-6F7A5DE675C1}
		{96DEFBD8-1CC3-444B-A49A-4E27FCBEAAC7} = {7B9F72E4-582F-4210-A711-0085E9437609}
		{8D563299-48C2-4A88-9D79-CBF475DC2062} = {D1A6C656-96DD-4B4F-B645-6F7A5DE675C1}
		{E4F7196A-391E-425D-9D15-81819DAA7BD6} = {685B49D5-99D9-4DB8-989B-ABB0AE442EA9}
		{70F0776B-06BE-4138-AF90-138711F6F722} = {1E3EDB4B-41F0-49BF-B2E2-F095D92A6C72}
		{B310E4C5-B4CA-4E7D-9D11-68A221933E3E} = {1E3EDB4B-41F0-49BF-B2E2-F095D92A6C72}
		{1E3EDB4B-41F0-49BF-B2E2-F095D92A6C72} = {D1A6C656-96DD-4B4F-B645-6F7A5DE675C1}
		{E5E982ED-AA6A-4D97-ADAD-D0CFB38F2D1D} = {685B49D5-99D9-4DB8-989B-ABB0AE442EA9}
		{862E9DB3-65F6-4CA8-993B-A40346BC4FA0} = {E5E982ED-AA6A-4D97-ADAD-D0CFB38F2D1D}
		{7B9F72E4-582F-4210-A711-0085E9437609} = {D1A6C656-96DD-4B4F-B645-6F7A5DE675C1}
		{6F423803-C1F0-4D7B-B00A-3A4D305C608F} = {5839A0A1-B902-4FA4-B322-7477965B4048}
		{8EDF4429-251A-416D-BB68-93F227191BCF} = {5839A0A1-B902-4FA4-B322-7477965B4048}
		{6263A27E-E842-467B-98DB-CC5913ABE71A} = {5839A0A1-B902-4FA4-B322-7477965B4048}
		{5839A0A1-B902-4FA4-B322-7477965B4048} = {685B49D5-99D9-4DB8-989B-ABB0AE442EA9}
		{35C9A978-8EA8-4B82-8DF1-09E99585D65C} = {E4F7196A-391E-425D-9D15-81819DAA7BD6}
		{F6A8EBD5-D640-4D7C-A5A1-0EEBA53C9E47} = {D1A6C656-96DD-4B4F-B645-6F7A5DE675C1}
		{090AF6B3-63F8-4A3B-98B3-8E14596537D8} = {E4F7196A-391E-425D-9D15-81819DAA7BD6}
	EndGlobalSection
	GlobalSection(ExtensibilityGlobals) = postSolution
		SolutionGuid = {C016852E-9C08-486E-897D-B32F9BEEE50C}
	EndGlobalSection
EndGlobal
